
Microsoft Visual Studio Solution File, Format Version 12.00
# Visual Studio 15
VisualStudioVersion = 15.0.28307.1062
MinimumVisualStudioVersion = 10.0.40219.1
Project("{FAE04EC0-301F-11D3-BF4B-00C04F79EFBC}") = "Max The Sex Slave", "Max The Sex Slave\Max The Sex Slave.csproj", "{C064C430-37F1-4DFB-9156-FFF91C2994F4}"
EndProject
Global
	GlobalSection(SolutionConfigurationPlatforms) = preSolution
		Debug|Any CPU = Debug|Any CPU
		Release|Any CPU = Release|Any CPU
	EndGlobalSection
	GlobalSection(ProjectConfigurationPlatforms) = postSolution
		{C064C430-37F1-4DFB-9156-FFF91C2994F4}.Debug|Any CPU.ActiveCfg = Debug|Any CPU
		{C064C430-37F1-4DFB-9156-FFF91C2994F4}.Debug|Any CPU.Build.0 = Debug|Any CPU
		{C064C430-37F1-4DFB-9156-FFF91C2994F4}.Release|Any CPU.ActiveCfg = Release|Any CPU
		{C064C430-37F1-4DFB-9156-FFF91C2994F4}.Release|Any CPU.Build.0 = Release|Any CPU
	EndGlobalSection
	GlobalSection(SolutionProperties) = preSolution
		HideSolutionNode = FALSE
	EndGlobalSection
	GlobalSection(ExtensibilityGlobals) = postSolution
		SolutionGuid = {49706937-2BCF-46BE-8A72-052B71E0B933}
	EndGlobalSection
EndGlobal
